lockfileVersion: '9.0'

settings:
  autoInstallPeers: true
  excludeLinksFromLockfile: false

importers:

  .:
    dependencies:
      '@bufbuild/buf':
        specifier: ^1.47.2
        version: 1.47.2
      '@bufbuild/protobuf':
        specifier: ^2.2.2
        version: 2.2.2
      '@bufbuild/protoc-gen-es':
        specifier: ^2.2.2
        version: 2.2.2(@bufbuild/protobuf@2.2.2)
    devDependencies:
      typescript:
        specifier: ^5.3.3
        version: 5.7.2

packages:

  '@bufbuild/buf-darwin-arm64@1.47.2':
    resolution: {integrity: sha512-74WerFn06y+azgVfsnzhfbI5wla/OLPDnIvaNJBWHaqya/3bfascJkDylW2GVNHmwG1K/cscpmcc/RJPaO7ntQ==}
    engines: {node: '>=12'}
    cpu: [arm64]
    os: [darwin]

  '@bufbuild/buf-darwin-x64@1.47.2':
    resolution: {integrity: sha512-adAiOacOQe8Ym/YXPCEiq9mrPeKRmDtF2TgqPWTcDy6mF7TqR7hMJINkEEuMd1EeACmXnzMOnXlm9ICtvdYgPg==}
    engines: {node: '>=12'}
    cpu: [x64]
    os: [darwin]

  '@bufbuild/buf-linux-aarch64@1.47.2':
    resolution: {integrity: sha512-52vY+Owffr5diw2PyfQJqH+Fld6zW6NhNZak4zojvc2MjZKubWM0TfNyM9jXz2YrwyB+cyxkabE60nBI80m37w==}
    engines: {node: '>=12'}
    cpu: [arm64]
    os: [linux]

  '@bufbuild/buf-linux-armv7@1.47.2':
    resolution: {integrity: sha512-g9KtpObDeHZ/VG/0b5ZCieOao7L/WYZ0fPqFSs4N07D3APgEDhJG6vLyUcDgJMDgyLcgkNjNz0+XdYQb/tXyQw==}
    engines: {node: '>=12'}
    cpu: [arm]
    os: [linux]

  '@bufbuild/buf-linux-x64@1.47.2':
    resolution: {integrity: sha512-MODCK2BzD1Mgoyr+5Sp8xA8qMNdytj8hYheyhA5NnCGTkQf8sfqAjpBSAAmKk6Zar8HOlVXML6tzE/ioDFFGwQ==}
    engines: {node: '>=12'}
    cpu: [x64]
    os: [linux]

  '@bufbuild/buf-win32-arm64@1.47.2':
    resolution: {integrity: sha512-563YKYWJl3LrCY3G3+zuhb8HwOs6DzWslwGPFkKV2hwHyWyvd1DR1JjiLvw9zX64IKNctQ0HempSqc3kcboaqQ==}
    engines: {node: '>=12'}
    cpu: [arm64]
    os: [win32]

  '@bufbuild/buf-win32-x64@1.47.2':
    resolution: {integrity: sha512-Sqcdv7La2xBDh3bTdEYb2f4UTMMqCcYe/D0RELhvQ5wDn6I35V3/2YT1OF5fRuf0BZLCo0OdO37S9L47uHSz2g==}
    engines: {node: '>=12'}
    cpu: [x64]
    os: [win32]

  '@bufbuild/buf@1.47.2':
    resolution: {integrity: sha512-glY5kCAoO4+a7HvDb+BLOdoHSdCk4mdXdkp53H8JFz7maOnkxCiHHXgRX+taFyEu25N8ybn7NjZFrZSdRwq2sA==}
    engines: {node: '>=12'}
    hasBin: true

  '@bufbuild/protobuf@2.2.2':
    resolution: {integrity: sha512-UNtPCbrwrenpmrXuRwn9jYpPoweNXj8X5sMvYgsqYyaH8jQ6LfUJSk3dJLnBK+6sfYPrF4iAIo5sd5HQ+tg75A==}

  '@bufbuild/protoc-gen-es@2.2.2':
    resolution: {integrity: sha512-dQNfX2c6srAevuT0NR+C5OrNp+dlebIhR2R/GQOhJykCMJB1GB0jBnniSEWC+6YIUGFGLXgSyYbtNPaxZGPM0Q==}
    engines: {node: '>=14'}
    hasBin: true
    peerDependencies:
      '@bufbuild/protobuf': 2.2.2
    peerDependenciesMeta:
      '@bufbuild/protobuf':
        optional: true

  '@bufbuild/protoplugin@2.2.2':
    resolution: {integrity: sha512-EKKrjBsA/F2l502PPWfmvx//qRJpOXpyDhwFOYSbwRYfqzEUuuNSb1A+YGE7iDxoEqxwo+len/CJny29iP1ESg==}

  '@typescript/vfs@1.6.0':
    resolution: {integrity: sha512-hvJUjNVeBMp77qPINuUvYXj4FyWeeMMKZkxEATEU3hqBAQ7qdTBCUFT7Sp0Zu0faeEtFf+ldXxMEDr/bk73ISg==}
    peerDependencies:
      typescript: '*'

  debug@4.3.7:
    resolution: {integrity: sha512-Er2nc/H7RrMXZBFCEim6TCmMk02Z8vLC2Rbi1KEBggpo0fS6l0S1nnapwmIi3yW/+GOJap1Krg4w0Hg80oCqgQ==}
    engines: {node: '>=6.0'}
    peerDependencies:
      supports-color: '*'
    peerDependenciesMeta:
      supports-color:
        optional: true

  ms@2.1.3:
    resolution: {integrity: sha512-6FlzubTLZG3J2a/NVCAleEhjzq5oxgHyaCU9yYXvcLsvoVaHJq/s5xXI6/XXP6tz7R9xAOtHnSO/tXtF3WRTlA==}

  typescript@5.4.5:
    resolution: {integrity: sha512-vcI4UpRgg81oIRUFwR0WSIHKt11nJ7SAVlYNIu+QpqeyXP+gpQJy/Z4+F0aGxSE4MqwjyXvW/TzgkLAx2AGHwQ==}
    engines: {node: '>=14.17'}
    hasBin: true

  typescript@5.7.2:
    resolution: {integrity: sha512-i5t66RHxDvVN40HfDd1PsEThGNnlMCMT3jMUuoh9/0TaqWevNontacunWyN02LA9/fIbEWlcHZcgTKb9QoaLfg==}
    engines: {node: '>=14.17'}
    hasBin: true

snapshots:

  '@bufbuild/buf-darwin-arm64@1.47.2':
    optional: true

  '@bufbuild/buf-darwin-x64@1.47.2':
    optional: true

  '@bufbuild/buf-linux-aarch64@1.47.2':
    optional: true

  '@bufbuild/buf-linux-armv7@1.47.2':
    optional: true

  '@bufbuild/buf-linux-x64@1.47.2':
    optional: true

  '@bufbuild/buf-win32-arm64@1.47.2':
    optional: true

  '@bufbuild/buf-win32-x64@1.47.2':
    optional: true

  '@bufbuild/buf@1.47.2':
    optionalDependencies:
      '@bufbuild/buf-darwin-arm64': 1.47.2
      '@bufbuild/buf-darwin-x64': 1.47.2
      '@bufbuild/buf-linux-aarch64': 1.47.2
      '@bufbuild/buf-linux-armv7': 1.47.2
      '@bufbuild/buf-linux-x64': 1.47.2
      '@bufbuild/buf-win32-arm64': 1.47.2
      '@bufbuild/buf-win32-x64': 1.47.2

  '@bufbuild/protobuf@2.2.2': {}

  '@bufbuild/protoc-gen-es@2.2.2(@bufbuild/protobuf@2.2.2)':
    dependencies:
      '@bufbuild/protoplugin': 2.2.2
    optionalDependencies:
      '@bufbuild/protobuf': 2.2.2
    transitivePeerDependencies:
      - supports-color

  '@bufbuild/protoplugin@2.2.2':
    dependencies:
      '@bufbuild/protobuf': 2.2.2
      '@typescript/vfs': 1.6.0(typescript@5.4.5)
      typescript: 5.4.5
    transitivePeerDependencies:
      - supports-color

  '@typescript/vfs@1.6.0(typescript@5.4.5)':
    dependencies:
      debug: 4.3.7
      typescript: 5.4.5
    transitivePeerDependencies:
      - supports-color

  debug@4.3.7:
    dependencies:
      ms: 2.1.3

  ms@2.1.3: {}

  typescript@5.4.5: {}

  typescript@5.7.2: {}
